
Microsoft Visual Studio Solution File, Format Version 12.00
# Visual Studio Version 17
VisualStudioVersion = 17.4.33403.182
MinimumVisualStudioVersion = 10.0.40219.1
Project("{9A19103F-16F7-4668-BE54-9A1E7A4F7556}") = "X16E", "X16E\X16E.csproj", "{B7A6035C-5B7A-4258-A44D-C4A07A18C81C}"
EndProject
Project("{8BC9CEB8-8B4A-11D0-8D11-00A0C91BC942}") = "EmulatorCore", "X16Emulator\EmulatorCore\EmulatorCore.vcxproj", "{C67527D8-12DD-4779-88AC-933CA3E46168}"
EndProject
Project("{9A19103F-16F7-4668-BE54-9A1E7A4F7556}") = "BitMagic.X16Emulator", "BitMagic.X16Emulator\BitMagic.X16Emulator.csproj", "{57563C5A-7A87-464F-9C76-B0034DA0BFEB}"
EndProject
Project("{2150E333-8FDC-42A3-9474-1A3956D46DE8}") = "DiscUtils", "DiscUtils", "{653B0CB5-76E0-4B52-B12F-1FE20BE225EE}"
EndProject
Project("{9A19103F-16F7-4668-BE54-9A1E7A4F7556}") = "BitMagic.DiscUtils.Core", "..\External\DiscUtils\Library\DiscUtils.Core\BitMagic.DiscUtils.Core.csproj", "{F6A8A6B8-AAC5-468F-8B5F-2ADF4F9E141E}"
EndProject
Project("{9A19103F-16F7-4668-BE54-9A1E7A4F7556}") = "BitMagic.DiscUtils.Fat", "..\External\DiscUtils\Library\DiscUtils.Fat\BitMagic.DiscUtils.Fat.csproj", "{411A657B-E9BF-40DF-ADE0-5693920C847E}"
EndProject
Project("{9A19103F-16F7-4668-BE54-9A1E7A4F7556}") = "BitMagic.DiscUtils.Vdi", "..\External\DiscUtils\Library\DiscUtils.Vdi\BitMagic.DiscUtils.Vdi.csproj", "{37C2C2C7-76A8-4F64-B61C-CFECDC5EE45A}"
EndProject
Project("{9A19103F-16F7-4668-BE54-9A1E7A4F7556}") = "BitMagic.DiscUtils.Vhd", "..\External\DiscUtils\Library\DiscUtils.Vhd\BitMagic.DiscUtils.Vhd.csproj", "{7DCEE057-DC7F-4FB7-92E0-61F532FC39A1}"
EndProject
Project("{2150E333-8FDC-42A3-9474-1A3956D46DE8}") = "Libraries", "Libraries", "{05930EE3-4109-4B66-8CCA-F4420278C1CC}"
EndProject
Project("{9A19103F-16F7-4668-BE54-9A1E7A4F7556}") = "BitMagic.Common", "..\BitMagic.Libraries\BitMagic.Common\BitMagic.Common.csproj", "{126336F6-CC3F-4208-9D8F-9EF0ABF984B0}"
EndProject
Project("{2150E333-8FDC-42A3-9474-1A3956D46DE8}") = "Compiler", "Compiler", "{18DADA92-7567-43D1-9D96-16581A48B842}"
EndProject
Project("{9A19103F-16F7-4668-BE54-9A1E7A4F7556}") = "BitMagic.Compiler", "..\BitMagic.X16Compiler\BitMagic.Compiler\BitMagic.Compiler.csproj", "{8ED43CD7-EFB7-4409-ADFE-C3ED7CB5C982}"
EndProject
Project("{9A19103F-16F7-4668-BE54-9A1E7A4F7556}") = "BitMagic.Cpu", "..\BitMagic.X16Compiler\BitMagic.Cpu\BitMagic.Cpu.csproj", "{9367E0D9-BDC8-43FA-BA94-1647F42B469D}"
EndProject
Project("{9A19103F-16F7-4668-BE54-9A1E7A4F7556}") = "BitMagic.Machines", "..\BitMagic.X16Compiler\BitMagic.Machines\BitMagic.Machines.csproj", "{449B62A6-749F-43D6-AD4E-01A2FE5A2085}"
EndProject
Project("{9A19103F-16F7-4668-BE54-9A1E7A4F7556}") = "BitMagic.Compiler.Cpu", "..\BitMagic.X16Compiler\BitMagic.Compiler.Cpu\BitMagic.Compiler.Cpu.csproj", "{1DB94637-93B6-4106-B66D-72C8CF5279C3}"
EndProject
Project("{9A19103F-16F7-4668-BE54-9A1E7A4F7556}") = "BitMagic.DiscUtils.Streams", "..\External\DiscUtils\Library\DiscUtils.Streams\BitMagic.DiscUtils.Streams.csproj", "{C13AE167-4817-4F6D-B7CA-7D7EA8953F06}"
EndProject
Project("{2150E333-8FDC-42A3-9474-1A3956D46DE8}") = "Tests", "Tests", "{D234F58A-9C0E-417F-B0F4-5FDDF5E54038}"
EndProject
Project("{9A19103F-16F7-4668-BE54-9A1E7A4F7556}") = "BitMagic.X16Emulator.Tests", "BitMagic.X16Emulator.Tests\BitMagic.X16Emulator.Tests.csproj", "{1E81A1A5-3AE8-4120-BE71-4E9D5EF3A00B}"
EndProject
Project("{2150E333-8FDC-42A3-9474-1A3956D46DE8}") = "_SolutionItems", "_SolutionItems", "{5645BC95-F572-4A58-9358-D9A4703650F5}"
	ProjectSection(SolutionItems) = preProject
		.gitignore = .gitignore
		..\Directory.Build.props = ..\Directory.Build.props
		LICENSE = LICENSE
	EndProjectSection
EndProject
Project("{9A19103F-16F7-4668-BE54-9A1E7A4F7556}") = "BitMagic.X16Emulator.Display", "BitMagic.X16Emulator.Display\BitMagic.X16Emulator.Display.csproj", "{E6A36F44-4E06-4E31-929B-647B6AEA01D1}"
EndProject
Project("{2150E333-8FDC-42A3-9474-1A3956D46DE8}") = "Decompiler", "Decompiler", "{7799662E-CE7B-4DF6-A3FF-F1C9E718ED50}"
EndProject
Project("{9A19103F-16F7-4668-BE54-9A1E7A4F7556}") = "BitMagic.Decompiler", "..\BitMagic.X16Compiler\BitMagic.Decompiler\BitMagic.Decompiler.csproj", "{446CECCE-A7CC-4723-B17C-6654A68FB8A1}"
EndProject
Project("{54435603-DBB4-11D2-8724-00A0C9A8B90C}") = "X16ESetup", "X16ESetup\X16ESetup.vdproj", "{5C93E24F-2F92-40E8-8610-7849F9FB0308}"
EndProject
Project("{9A19103F-16F7-4668-BE54-9A1E7A4F7556}") = "BitMagic.X16Emulator.TestHelper", "BitMagic.X16Emulator.TestHelper\BitMagic.X16Emulator.TestHelper.csproj", "{567502C1-DB3E-4876-A2BB-6EC277AEBACA}"
EndProject
Project("{9A19103F-16F7-4668-BE54-9A1E7A4F7556}") = "BitMagic.X16Emulator.Serializer", "BitMagic.X16Emulator.Serializer\BitMagic.X16Emulator.Serializer.csproj", "{5DBC6BB0-3F8D-43D3-8D95-33E6061DB968}"
EndProject
Project("{9A19103F-16F7-4668-BE54-9A1E7A4F7556}") = "BitMagic.TemplateEngine", "..\BitMagic.TemplateEngine\Bitmagic.TemplateEngine\BitMagic.TemplateEngine.csproj", "{1608E0B0-D7BF-45D0-B0F1-90723DBC0046}"
EndProject
Project("{9A19103F-16F7-4668-BE54-9A1E7A4F7556}") = "BitMagic.TemplateEngine.Compiler", "..\BitMagic.TemplateEngine\BitMagic.TemplateEngine.Compiler\BitMagic.TemplateEngine.Compiler.csproj", "{5C3B8464-A3B5-4002-BA60-5453FDD0EFEC}"
EndProject
Project("{9A19103F-16F7-4668-BE54-9A1E7A4F7556}") = "BitMagic.TemplateEngine.X16", "..\BitMagic.TemplateEngine\BitMagic.TemplateEngine.X16\BitMagic.TemplateEngine.X16.csproj", "{4DBCD987-13D6-4989-841A-6F2A5A0799C6}"
EndProject
Project("{2150E333-8FDC-42A3-9474-1A3956D46DE8}") = "TemplateEngine", "TemplateEngine", "{B356EF21-9279-4EAB-B9BA-04904DE431F8}"
EndProject
Project("{9A19103F-16F7-4668-BE54-9A1E7A4F7556}") = "BitMagic.TemplateEngine.Runner", "..\BitMagic.TemplateEngine\BitMagic.TemplateEngine.Runner\BitMagic.TemplateEngine.Runner.csproj", "{8CD70BCB-CA26-452B-B2FF-B0700C56A85E}"
EndProject
Project("{9A19103F-16F7-4668-BE54-9A1E7A4F7556}") = "BitMagic.Common.Address", "..\BitMagic.Libraries\BitMagic.Common.Address\BitMagic.Common.Address.csproj", "{2342E61F-BF92-48EC-8064-808CF2CB7E31}"
EndProject
Global
	GlobalSection(SolutionConfigurationPlatforms) = preSolution
		Debug|Any CPU = Debug|Any CPU
		Debug|arm64 = Debug|arm64
		Debug|x64 = Debug|x64
		Debug|x86 = Debug|x86
		Release|Any CPU = Release|Any CPU
		Release|arm64 = Release|arm64
		Release|x64 = Release|x64
		Release|x86 = Release|x86
	EndGlobalSection
	GlobalSection(ProjectConfigurationPlatforms) = postSolution
		{B7A6035C-5B7A-4258-A44D-C4A07A18C81C}.Debug|Any CPU.ActiveCfg = Debug|Any CPU
		{B7A6035C-5B7A-4258-A44D-C4A07A18C81C}.Debug|Any CPU.Build.0 = Debug|Any CPU
		{B7A6035C-5B7A-4258-A44D-C4A07A18C81C}.Debug|arm64.ActiveCfg = Debug|Any CPU
		{B7A6035C-5B7A-4258-A44D-C4A07A18C81C}.Debug|arm64.Build.0 = Debug|Any CPU
		{B7A6035C-5B7A-4258-A44D-C4A07A18C81C}.Debug|x64.ActiveCfg = Debug|Any CPU
		{B7A6035C-5B7A-4258-A44D-C4A07A18C81C}.Debug|x64.Build.0 = Debug|Any CPU
		{B7A6035C-5B7A-4258-A44D-C4A07A18C81C}.Debug|x86.ActiveCfg = Debug|Any CPU
		{B7A6035C-5B7A-4258-A44D-C4A07A18C81C}.Debug|x86.Build.0 = Debug|Any CPU
		{B7A6035C-5B7A-4258-A44D-C4A07A18C81C}.Release|Any CPU.ActiveCfg = Release|Any CPU
		{B7A6035C-5B7A-4258-A44D-C4A07A18C81C}.Release|Any CPU.Build.0 = Release|Any CPU
		{B7A6035C-5B7A-4258-A44D-C4A07A18C81C}.Release|arm64.ActiveCfg = Release|Any CPU
		{B7A6035C-5B7A-4258-A44D-C4A07A18C81C}.Release|arm64.Build.0 = Release|Any CPU
		{B7A6035C-5B7A-4258-A44D-C4A07A18C81C}.Release|x64.ActiveCfg = Release|Any CPU
		{B7A6035C-5B7A-4258-A44D-C4A07A18C81C}.Release|x64.Build.0 = Release|Any CPU
		{B7A6035C-5B7A-4258-A44D-C4A07A18C81C}.Release|x86.ActiveCfg = Release|Any CPU
		{B7A6035C-5B7A-4258-A44D-C4A07A18C81C}.Release|x86.Build.0 = Release|Any CPU
		{C67527D8-12DD-4779-88AC-933CA3E46168}.Debug|Any CPU.ActiveCfg = Debug|x64
		{C67527D8-12DD-4779-88AC-933CA3E46168}.Debug|Any CPU.Build.0 = Debug|x64
		{C67527D8-12DD-4779-88AC-933CA3E46168}.Debug|arm64.ActiveCfg = Debug|x64
		{C67527D8-12DD-4779-88AC-933CA3E46168}.Debug|arm64.Build.0 = Debug|x64
		{C67527D8-12DD-4779-88AC-933CA3E46168}.Debug|x64.ActiveCfg = Debug|x64
		{C67527D8-12DD-4779-88AC-933CA3E46168}.Debug|x64.Build.0 = Debug|x64
		{C67527D8-12DD-4779-88AC-933CA3E46168}.Debug|x86.ActiveCfg = Debug|Win32
		{C67527D8-12DD-4779-88AC-933CA3E46168}.Debug|x86.Build.0 = Debug|Win32
		{C67527D8-12DD-4779-88AC-933CA3E46168}.Release|Any CPU.ActiveCfg = Release|x64
		{C67527D8-12DD-4779-88AC-933CA3E46168}.Release|Any CPU.Build.0 = Release|x64
		{C67527D8-12DD-4779-88AC-933CA3E46168}.Release|arm64.ActiveCfg = Release|x64
		{C67527D8-12DD-4779-88AC-933CA3E46168}.Release|arm64.Build.0 = Release|x64
		{C67527D8-12DD-4779-88AC-933CA3E46168}.Release|x64.ActiveCfg = Release|x64
		{C67527D8-12DD-4779-88AC-933CA3E46168}.Release|x64.Build.0 = Release|x64
		{C67527D8-12DD-4779-88AC-933CA3E46168}.Release|x86.ActiveCfg = Release|Win32
		{C67527D8-12DD-4779-88AC-933CA3E46168}.Release|x86.Build.0 = Release|Win32
		{57563C5A-7A87-464F-9C76-B0034DA0BFEB}.Debug|Any CPU.ActiveCfg = Debug|Any CPU
		{57563C5A-7A87-464F-9C76-B0034DA0BFEB}.Debug|Any CPU.Build.0 = Debug|Any CPU
		{57563C5A-7A87-464F-9C76-B0034DA0BFEB}.Debug|arm64.ActiveCfg = Debug|Any CPU
		{57563C5A-7A87-464F-9C76-B0034DA0BFEB}.Debug|arm64.Build.0 = Debug|Any CPU
		{57563C5A-7A87-464F-9C76-B0034DA0BFEB}.Debug|x64.ActiveCfg = Debug|Any CPU
		{57563C5A-7A87-464F-9C76-B0034DA0BFEB}.Debug|x64.Build.0 = Debug|Any CPU
		{57563C5A-7A87-464F-9C76-B0034DA0BFEB}.Debug|x86.ActiveCfg = Debug|Any CPU
		{57563C5A-7A87-464F-9C76-B0034DA0BFEB}.Debug|x86.Build.0 = Debug|Any CPU
		{57563C5A-7A87-464F-9C76-B0034DA0BFEB}.Release|Any CPU.ActiveCfg = Release|Any CPU
		{57563C5A-7A87-464F-9C76-B0034DA0BFEB}.Release|Any CPU.Build.0 = Release|Any CPU
		{57563C5A-7A87-464F-9C76-B0034DA0BFEB}.Release|arm64.ActiveCfg = Release|Any CPU
		{57563C5A-7A87-464F-9C76-B0034DA0BFEB}.Release|arm64.Build.0 = Release|Any CPU
		{57563C5A-7A87-464F-9C76-B0034DA0BFEB}.Release|x64.ActiveCfg = Release|Any CPU
		{57563C5A-7A87-464F-9C76-B0034DA0BFEB}.Release|x64.Build.0 = Release|Any CPU
		{57563C5A-7A87-464F-9C76-B0034DA0BFEB}.Release|x86.ActiveCfg = Release|Any CPU
		{57563C5A-7A87-464F-9C76-B0034DA0BFEB}.Release|x86.Build.0 = Release|Any CPU
		{F6A8A6B8-AAC5-468F-8B5F-2ADF4F9E141E}.Debug|Any CPU.ActiveCfg = Debug|Any CPU
		{F6A8A6B8-AAC5-468F-8B5F-2ADF4F9E141E}.Debug|Any CPU.Build.0 = Debug|Any CPU
		{F6A8A6B8-AAC5-468F-8B5F-2ADF4F9E141E}.Debug|arm64.ActiveCfg = Debug|Any CPU
		{F6A8A6B8-AAC5-468F-8B5F-2ADF4F9E141E}.Debug|arm64.Build.0 = Debug|Any CPU
		{F6A8A6B8-AAC5-468F-8B5F-2ADF4F9E141E}.Debug|x64.ActiveCfg = Debug|Any CPU
		{F6A8A6B8-AAC5-468F-8B5F-2ADF4F9E141E}.Debug|x64.Build.0 = Debug|Any CPU
		{F6A8A6B8-AAC5-468F-8B5F-2ADF4F9E141E}.Debug|x86.ActiveCfg = Debug|Any CPU
		{F6A8A6B8-AAC5-468F-8B5F-2ADF4F9E141E}.Debug|x86.Build.0 = Debug|Any CPU
		{F6A8A6B8-AAC5-468F-8B5F-2ADF4F9E141E}.Release|Any CPU.ActiveCfg = Release|Any CPU
		{F6A8A6B8-AAC5-468F-8B5F-2ADF4F9E141E}.Release|Any CPU.Build.0 = Release|Any CPU
		{F6A8A6B8-AAC5-468F-8B5F-2ADF4F9E141E}.Release|arm64.ActiveCfg = Release|Any CPU
		{F6A8A6B8-AAC5-468F-8B5F-2ADF4F9E141E}.Release|arm64.Build.0 = Release|Any CPU
		{F6A8A6B8-AAC5-468F-8B5F-2ADF4F9E141E}.Release|x64.ActiveCfg = Release|Any CPU
		{F6A8A6B8-AAC5-468F-8B5F-2ADF4F9E141E}.Release|x64.Build.0 = Release|Any CPU
		{F6A8A6B8-AAC5-468F-8B5F-2ADF4F9E141E}.Release|x86.ActiveCfg = Release|Any CPU
		{F6A8A6B8-AAC5-468F-8B5F-2ADF4F9E141E}.Release|x86.Build.0 = Release|Any CPU
		{411A657B-E9BF-40DF-ADE0-5693920C847E}.Debug|Any CPU.ActiveCfg = Debug|Any CPU
		{411A657B-E9BF-40DF-ADE0-5693920C847E}.Debug|Any CPU.Build.0 = Debug|Any CPU
		{411A657B-E9BF-40DF-ADE0-5693920C847E}.Debug|arm64.ActiveCfg = Debug|Any CPU
		{411A657B-E9BF-40DF-ADE0-5693920C847E}.Debug|arm64.Build.0 = Debug|Any CPU
		{411A657B-E9BF-40DF-ADE0-5693920C847E}.Debug|x64.ActiveCfg = Debug|Any CPU
		{411A657B-E9BF-40DF-ADE0-5693920C847E}.Debug|x64.Build.0 = Debug|Any CPU
		{411A657B-E9BF-40DF-ADE0-5693920C847E}.Debug|x86.ActiveCfg = Debug|Any CPU
		{411A657B-E9BF-40DF-ADE0-5693920C847E}.Debug|x86.Build.0 = Debug|Any CPU
		{411A657B-E9BF-40DF-ADE0-5693920C847E}.Release|Any CPU.ActiveCfg = Release|Any CPU
		{411A657B-E9BF-40DF-ADE0-5693920C847E}.Release|Any CPU.Build.0 = Release|Any CPU
		{411A657B-E9BF-40DF-ADE0-5693920C847E}.Release|arm64.ActiveCfg = Release|Any CPU
		{411A657B-E9BF-40DF-ADE0-5693920C847E}.Release|arm64.Build.0 = Release|Any CPU
		{411A657B-E9BF-40DF-ADE0-5693920C847E}.Release|x64.ActiveCfg = Release|Any CPU
		{411A657B-E9BF-40DF-ADE0-5693920C847E}.Release|x64.Build.0 = Release|Any CPU
		{411A657B-E9BF-40DF-ADE0-5693920C847E}.Release|x86.ActiveCfg = Release|Any CPU
		{411A657B-E9BF-40DF-ADE0-5693920C847E}.Release|x86.Build.0 = Release|Any CPU
		{37C2C2C7-76A8-4F64-B61C-CFECDC5EE45A}.Debug|Any CPU.ActiveCfg = Debug|Any CPU
		{37C2C2C7-76A8-4F64-B61C-CFECDC5EE45A}.Debug|Any CPU.Build.0 = Debug|Any CPU
		{37C2C2C7-76A8-4F64-B61C-CFECDC5EE45A}.Debug|arm64.ActiveCfg = Debug|Any CPU
		{37C2C2C7-76A8-4F64-B61C-CFECDC5EE45A}.Debug|arm64.Build.0 = Debug|Any CPU
		{37C2C2C7-76A8-4F64-B61C-CFECDC5EE45A}.Debug|x64.ActiveCfg = Debug|Any CPU
		{37C2C2C7-76A8-4F64-B61C-CFECDC5EE45A}.Debug|x64.Build.0 = Debug|Any CPU
		{37C2C2C7-76A8-4F64-B61C-CFECDC5EE45A}.Debug|x86.ActiveCfg = Debug|Any CPU
		{37C2C2C7-76A8-4F64-B61C-CFECDC5EE45A}.Debug|x86.Build.0 = Debug|Any CPU
		{37C2C2C7-76A8-4F64-B61C-CFECDC5EE45A}.Release|Any CPU.ActiveCfg = Release|Any CPU
		{37C2C2C7-76A8-4F64-B61C-CFECDC5EE45A}.Release|Any CPU.Build.0 = Release|Any CPU
		{37C2C2C7-76A8-4F64-B61C-CFECDC5EE45A}.Release|arm64.ActiveCfg = Release|Any CPU
		{37C2C2C7-76A8-4F64-B61C-CFECDC5EE45A}.Release|arm64.Build.0 = Release|Any CPU
		{37C2C2C7-76A8-4F64-B61C-CFECDC5EE45A}.Release|x64.ActiveCfg = Release|Any CPU
		{37C2C2C7-76A8-4F64-B61C-CFECDC5EE45A}.Release|x64.Build.0 = Release|Any CPU
		{37C2C2C7-76A8-4F64-B61C-CFECDC5EE45A}.Release|x86.ActiveCfg = Release|Any CPU
		{37C2C2C7-76A8-4F64-B61C-CFECDC5EE45A}.Release|x86.Build.0 = Release|Any CPU
		{7DCEE057-DC7F-4FB7-92E0-61F532FC39A1}.Debug|Any CPU.ActiveCfg = Debug|Any CPU
		{7DCEE057-DC7F-4FB7-92E0-61F532FC39A1}.Debug|Any CPU.Build.0 = Debug|Any CPU
		{7DCEE057-DC7F-4FB7-92E0-61F532FC39A1}.Debug|arm64.ActiveCfg = Debug|Any CPU
		{7DCEE057-DC7F-4FB7-92E0-61F532FC39A1}.Debug|arm64.Build.0 = Debug|Any CPU
		{7DCEE057-DC7F-4FB7-92E0-61F532FC39A1}.Debug|x64.ActiveCfg = Debug|Any CPU
		{7DCEE057-DC7F-4FB7-92E0-61F532FC39A1}.Debug|x64.Build.0 = Debug|Any CPU
		{7DCEE057-DC7F-4FB7-92E0-61F532FC39A1}.Debug|x86.ActiveCfg = Debug|Any CPU
		{7DCEE057-DC7F-4FB7-92E0-61F532FC39A1}.Debug|x86.Build.0 = Debug|Any CPU
		{7DCEE057-DC7F-4FB7-92E0-61F532FC39A1}.Release|Any CPU.ActiveCfg = Release|Any CPU
		{7DCEE057-DC7F-4FB7-92E0-61F532FC39A1}.Release|Any CPU.Build.0 = Release|Any CPU
		{7DCEE057-DC7F-4FB7-92E0-61F532FC39A1}.Release|arm64.ActiveCfg = Release|Any CPU
		{7DCEE057-DC7F-4FB7-92E0-61F532FC39A1}.Release|arm64.Build.0 = Release|Any CPU
		{7DCEE057-DC7F-4FB7-92E0-61F532FC39A1}.Release|x64.ActiveCfg = Release|Any CPU
		{7DCEE057-DC7F-4FB7-92E0-61F532FC39A1}.Release|x64.Build.0 = Release|Any CPU
		{7DCEE057-DC7F-4FB7-92E0-61F532FC39A1}.Release|x86.ActiveCfg = Release|Any CPU
		{7DCEE057-DC7F-4FB7-92E0-61F532FC39A1}.Release|x86.Build.0 = Release|Any CPU
		{126336F6-CC3F-4208-9D8F-9EF0ABF984B0}.Debug|Any CPU.ActiveCfg = Debug|Any CPU
		{126336F6-CC3F-4208-9D8F-9EF0ABF984B0}.Debug|Any CPU.Build.0 = Debug|Any CPU
		{126336F6-CC3F-4208-9D8F-9EF0ABF984B0}.Debug|arm64.ActiveCfg = Debug|Any CPU
		{126336F6-CC3F-4208-9D8F-9EF0ABF984B0}.Debug|arm64.Build.0 = Debug|Any CPU
		{126336F6-CC3F-4208-9D8F-9EF0ABF984B0}.Debug|x64.ActiveCfg = Debug|Any CPU
		{126336F6-CC3F-4208-9D8F-9EF0ABF984B0}.Debug|x64.Build.0 = Debug|Any CPU
		{126336F6-CC3F-4208-9D8F-9EF0ABF984B0}.Debug|x86.ActiveCfg = Debug|Any CPU
		{126336F6-CC3F-4208-9D8F-9EF0ABF984B0}.Debug|x86.Build.0 = Debug|Any CPU
		{126336F6-CC3F-4208-9D8F-9EF0ABF984B0}.Release|Any CPU.ActiveCfg = Release|Any CPU
		{126336F6-CC3F-4208-9D8F-9EF0ABF984B0}.Release|Any CPU.Build.0 = Release|Any CPU
		{126336F6-CC3F-4208-9D8F-9EF0ABF984B0}.Release|arm64.ActiveCfg = Release|Any CPU
		{126336F6-CC3F-4208-9D8F-9EF0ABF984B0}.Release|arm64.Build.0 = Release|Any CPU
		{126336F6-CC3F-4208-9D8F-9EF0ABF984B0}.Release|x64.ActiveCfg = Release|Any CPU
		{126336F6-CC3F-4208-9D8F-9EF0ABF984B0}.Release|x64.Build.0 = Release|Any CPU
		{126336F6-CC3F-4208-9D8F-9EF0ABF984B0}.Release|x86.ActiveCfg = Release|Any CPU
		{126336F6-CC3F-4208-9D8F-9EF0ABF984B0}.Release|x86.Build.0 = Release|Any CPU
		{8ED43CD7-EFB7-4409-ADFE-C3ED7CB5C982}.Debug|Any CPU.ActiveCfg = Debug|Any CPU
		{8ED43CD7-EFB7-4409-ADFE-C3ED7CB5C982}.Debug|Any CPU.Build.0 = Debug|Any CPU
		{8ED43CD7-EFB7-4409-ADFE-C3ED7CB5C982}.Debug|arm64.ActiveCfg = Debug|Any CPU
		{8ED43CD7-EFB7-4409-ADFE-C3ED7CB5C982}.Debug|arm64.Build.0 = Debug|Any CPU
		{8ED43CD7-EFB7-4409-ADFE-C3ED7CB5C982}.Debug|x64.ActiveCfg = Debug|Any CPU
		{8ED43CD7-EFB7-4409-ADFE-C3ED7CB5C982}.Debug|x64.Build.0 = Debug|Any CPU
		{8ED43CD7-EFB7-4409-ADFE-C3ED7CB5C982}.Debug|x86.ActiveCfg = Debug|Any CPU
		{8ED43CD7-EFB7-4409-ADFE-C3ED7CB5C982}.Debug|x86.Build.0 = Debug|Any CPU
		{8ED43CD7-EFB7-4409-ADFE-C3ED7CB5C982}.Release|Any CPU.ActiveCfg = Release|Any CPU
		{8ED43CD7-EFB7-4409-ADFE-C3ED7CB5C982}.Release|Any CPU.Build.0 = Release|Any CPU
		{8ED43CD7-EFB7-4409-ADFE-C3ED7CB5C982}.Release|arm64.ActiveCfg = Release|Any CPU
		{8ED43CD7-EFB7-4409-ADFE-C3ED7CB5C982}.Release|arm64.Build.0 = Release|Any CPU
		{8ED43CD7-EFB7-4409-ADFE-C3ED7CB5C982}.Release|x64.ActiveCfg = Release|Any CPU
		{8ED43CD7-EFB7-4409-ADFE-C3ED7CB5C982}.Release|x64.Build.0 = Release|Any CPU
		{8ED43CD7-EFB7-4409-ADFE-C3ED7CB5C982}.Release|x86.ActiveCfg = Release|Any CPU
		{8ED43CD7-EFB7-4409-ADFE-C3ED7CB5C982}.Release|x86.Build.0 = Release|Any CPU
		{9367E0D9-BDC8-43FA-BA94-1647F42B469D}.Debug|Any CPU.ActiveCfg = Debug|Any CPU
		{9367E0D9-BDC8-43FA-BA94-1647F42B469D}.Debug|Any CPU.Build.0 = Debug|Any CPU
		{9367E0D9-BDC8-43FA-BA94-1647F42B469D}.Debug|arm64.ActiveCfg = Debug|Any CPU
		{9367E0D9-BDC8-43FA-BA94-1647F42B469D}.Debug|arm64.Build.0 = Debug|Any CPU
		{9367E0D9-BDC8-43FA-BA94-1647F42B469D}.Debug|x64.ActiveCfg = Debug|Any CPU
		{9367E0D9-BDC8-43FA-BA94-1647F42B469D}.Debug|x64.Build.0 = Debug|Any CPU
		{9367E0D9-BDC8-43FA-BA94-1647F42B469D}.Debug|x86.ActiveCfg = Debug|Any CPU
		{9367E0D9-BDC8-43FA-BA94-1647F42B469D}.Debug|x86.Build.0 = Debug|Any CPU
		{9367E0D9-BDC8-43FA-BA94-1647F42B469D}.Release|Any CPU.ActiveCfg = Release|Any CPU
		{9367E0D9-BDC8-43FA-BA94-1647F42B469D}.Release|Any CPU.Build.0 = Release|Any CPU
		{9367E0D9-BDC8-43FA-BA94-1647F42B469D}.Release|arm64.ActiveCfg = Release|Any CPU
		{9367E0D9-BDC8-43FA-BA94-1647F42B469D}.Release|arm64.Build.0 = Release|Any CPU
		{9367E0D9-BDC8-43FA-BA94-1647F42B469D}.Release|x64.ActiveCfg = Release|Any CPU
		{9367E0D9-BDC8-43FA-BA94-1647F42B469D}.Release|x64.Build.0 = Release|Any CPU
		{9367E0D9-BDC8-43FA-BA94-1647F42B469D}.Release|x86.ActiveCfg = Release|Any CPU
		{9367E0D9-BDC8-43FA-BA94-1647F42B469D}.Release|x86.Build.0 = Release|Any CPU
		{449B62A6-749F-43D6-AD4E-01A2FE5A2085}.Debug|Any CPU.ActiveCfg = Debug|Any CPU
		{449B62A6-749F-43D6-AD4E-01A2FE5A2085}.Debug|Any CPU.Build.0 = Debug|Any CPU
		{449B62A6-749F-43D6-AD4E-01A2FE5A2085}.Debug|arm64.ActiveCfg = Debug|Any CPU
		{449B62A6-749F-43D6-AD4E-01A2FE5A2085}.Debug|arm64.Build.0 = Debug|Any CPU
		{449B62A6-749F-43D6-AD4E-01A2FE5A2085}.Debug|x64.ActiveCfg = Debug|Any CPU
		{449B62A6-749F-43D6-AD4E-01A2FE5A2085}.Debug|x64.Build.0 = Debug|Any CPU
		{449B62A6-749F-43D6-AD4E-01A2FE5A2085}.Debug|x86.ActiveCfg = Debug|Any CPU
		{449B62A6-749F-43D6-AD4E-01A2FE5A2085}.Debug|x86.Build.0 = Debug|Any CPU
		{449B62A6-749F-43D6-AD4E-01A2FE5A2085}.Release|Any CPU.ActiveCfg = Release|Any CPU
		{449B62A6-749F-43D6-AD4E-01A2FE5A2085}.Release|Any CPU.Build.0 = Release|Any CPU
		{449B62A6-749F-43D6-AD4E-01A2FE5A2085}.Release|arm64.ActiveCfg = Release|Any CPU
		{449B62A6-749F-43D6-AD4E-01A2FE5A2085}.Release|arm64.Build.0 = Release|Any CPU
		{449B62A6-749F-43D6-AD4E-01A2FE5A2085}.Release|x64.ActiveCfg = Release|Any CPU
		{449B62A6-749F-43D6-AD4E-01A2FE5A2085}.Release|x64.Build.0 = Release|Any CPU
		{449B62A6-749F-43D6-AD4E-01A2FE5A2085}.Release|x86.ActiveCfg = Release|Any CPU
		{449B62A6-749F-43D6-AD4E-01A2FE5A2085}.Release|x86.Build.0 = Release|Any CPU
		{1DB94637-93B6-4106-B66D-72C8CF5279C3}.Debug|Any CPU.ActiveCfg = Debug|Any CPU
		{1DB94637-93B6-4106-B66D-72C8CF5279C3}.Debug|Any CPU.Build.0 = Debug|Any CPU
		{1DB94637-93B6-4106-B66D-72C8CF5279C3}.Debug|arm64.ActiveCfg = Debug|Any CPU
		{1DB94637-93B6-4106-B66D-72C8CF5279C3}.Debug|arm64.Build.0 = Debug|Any CPU
		{1DB94637-93B6-4106-B66D-72C8CF5279C3}.Debug|x64.ActiveCfg = Debug|Any CPU
		{1DB94637-93B6-4106-B66D-72C8CF5279C3}.Debug|x64.Build.0 = Debug|Any CPU
		{1DB94637-93B6-4106-B66D-72C8CF5279C3}.Debug|x86.ActiveCfg = Debug|Any CPU
		{1DB94637-93B6-4106-B66D-72C8CF5279C3}.Debug|x86.Build.0 = Debug|Any CPU
		{1DB94637-93B6-4106-B66D-72C8CF5279C3}.Release|Any CPU.ActiveCfg = Release|Any CPU
		{1DB94637-93B6-4106-B66D-72C8CF5279C3}.Release|Any CPU.Build.0 = Release|Any CPU
		{1DB94637-93B6-4106-B66D-72C8CF5279C3}.Release|arm64.ActiveCfg = Release|Any CPU
		{1DB94637-93B6-4106-B66D-72C8CF5279C3}.Release|arm64.Build.0 = Release|Any CPU
		{1DB94637-93B6-4106-B66D-72C8CF5279C3}.Release|x64.ActiveCfg = Release|Any CPU
		{1DB94637-93B6-4106-B66D-72C8CF5279C3}.Release|x64.Build.0 = Release|Any CPU
		{1DB94637-93B6-4106-B66D-72C8CF5279C3}.Release|x86.ActiveCfg = Release|Any CPU
		{1DB94637-93B6-4106-B66D-72C8CF5279C3}.Release|x86.Build.0 = Release|Any CPU
		{C13AE167-4817-4F6D-B7CA-7D7EA8953F06}.Debug|Any CPU.ActiveCfg = Debug|Any CPU
		{C13AE167-4817-4F6D-B7CA-7D7EA8953F06}.Debug|Any CPU.Build.0 = Debug|Any CPU
		{C13AE167-4817-4F6D-B7CA-7D7EA8953F06}.Debug|arm64.ActiveCfg = Debug|Any CPU
		{C13AE167-4817-4F6D-B7CA-7D7EA8953F06}.Debug|arm64.Build.0 = Debug|Any CPU
		{C13AE167-4817-4F6D-B7CA-7D7EA8953F06}.Debug|x64.ActiveCfg = Debug|Any CPU
		{C13AE167-4817-4F6D-B7CA-7D7EA8953F06}.Debug|x64.Build.0 = Debug|Any CPU
		{C13AE167-4817-4F6D-B7CA-7D7EA8953F06}.Debug|x86.ActiveCfg = Debug|Any CPU
		{C13AE167-4817-4F6D-B7CA-7D7EA8953F06}.Debug|x86.Build.0 = Debug|Any CPU
		{C13AE167-4817-4F6D-B7CA-7D7EA8953F06}.Release|Any CPU.ActiveCfg = Release|Any CPU
		{C13AE167-4817-4F6D-B7CA-7D7EA8953F06}.Release|Any CPU.Build.0 = Release|Any CPU
		{C13AE167-4817-4F6D-B7CA-7D7EA8953F06}.Release|arm64.ActiveCfg = Release|Any CPU
		{C13AE167-4817-4F6D-B7CA-7D7EA8953F06}.Release|arm64.Build.0 = Release|Any CPU
		{C13AE167-4817-4F6D-B7CA-7D7EA8953F06}.Release|x64.ActiveCfg = Release|Any CPU
		{C13AE167-4817-4F6D-B7CA-7D7EA8953F06}.Release|x64.Build.0 = Release|Any CPU
		{C13AE167-4817-4F6D-B7CA-7D7EA8953F06}.Release|x86.ActiveCfg = Release|Any CPU
		{C13AE167-4817-4F6D-B7CA-7D7EA8953F06}.Release|x86.Build.0 = Release|Any CPU
		{1E81A1A5-3AE8-4120-BE71-4E9D5EF3A00B}.Debug|Any CPU.ActiveCfg = Debug|Any CPU
		{1E81A1A5-3AE8-4120-BE71-4E9D5EF3A00B}.Debug|Any CPU.Build.0 = Debug|Any CPU
		{1E81A1A5-3AE8-4120-BE71-4E9D5EF3A00B}.Debug|arm64.ActiveCfg = Debug|Any CPU
		{1E81A1A5-3AE8-4120-BE71-4E9D5EF3A00B}.Debug|arm64.Build.0 = Debug|Any CPU
		{1E81A1A5-3AE8-4120-BE71-4E9D5EF3A00B}.Debug|x64.ActiveCfg = Debug|Any CPU
		{1E81A1A5-3AE8-4120-BE71-4E9D5EF3A00B}.Debug|x64.Build.0 = Debug|Any CPU
		{1E81A1A5-3AE8-4120-BE71-4E9D5EF3A00B}.Debug|x86.ActiveCfg = Debug|Any CPU
		{1E81A1A5-3AE8-4120-BE71-4E9D5EF3A00B}.Debug|x86.Build.0 = Debug|Any CPU
		{1E81A1A5-3AE8-4120-BE71-4E9D5EF3A00B}.Release|Any CPU.ActiveCfg = Release|Any CPU
		{1E81A1A5-3AE8-4120-BE71-4E9D5EF3A00B}.Release|Any CPU.Build.0 = Release|Any CPU
		{1E81A1A5-3AE8-4120-BE71-4E9D5EF3A00B}.Release|arm64.ActiveCfg = Release|Any CPU
		{1E81A1A5-3AE8-4120-BE71-4E9D5EF3A00B}.Release|arm64.Build.0 = Release|Any CPU
		{1E81A1A5-3AE8-4120-BE71-4E9D5EF3A00B}.Release|x64.ActiveCfg = Release|Any CPU
		{1E81A1A5-3AE8-4120-BE71-4E9D5EF3A00B}.Release|x64.Build.0 = Release|Any CPU
		{1E81A1A5-3AE8-4120-BE71-4E9D5EF3A00B}.Release|x86.ActiveCfg = Release|Any CPU
		{1E81A1A5-3AE8-4120-BE71-4E9D5EF3A00B}.Release|x86.Build.0 = Release|Any CPU
		{E6A36F44-4E06-4E31-929B-647B6AEA01D1}.Debug|Any CPU.ActiveCfg = Debug|Any CPU
		{E6A36F44-4E06-4E31-929B-647B6AEA01D1}.Debug|Any CPU.Build.0 = Debug|Any CPU
		{E6A36F44-4E06-4E31-929B-647B6AEA01D1}.Debug|arm64.ActiveCfg = Debug|Any CPU
		{E6A36F44-4E06-4E31-929B-647B6AEA01D1}.Debug|arm64.Build.0 = Debug|Any CPU
		{E6A36F44-4E06-4E31-929B-647B6AEA01D1}.Debug|x64.ActiveCfg = Debug|Any CPU
		{E6A36F44-4E06-4E31-929B-647B6AEA01D1}.Debug|x64.Build.0 = Debug|Any CPU
		{E6A36F44-4E06-4E31-929B-647B6AEA01D1}.Debug|x86.ActiveCfg = Debug|Any CPU
		{E6A36F44-4E06-4E31-929B-647B6AEA01D1}.Debug|x86.Build.0 = Debug|Any CPU
		{E6A36F44-4E06-4E31-929B-647B6AEA01D1}.Release|Any CPU.ActiveCfg = Release|Any CPU
		{E6A36F44-4E06-4E31-929B-647B6AEA01D1}.Release|Any CPU.Build.0 = Release|Any CPU
		{E6A36F44-4E06-4E31-929B-647B6AEA01D1}.Release|arm64.ActiveCfg = Release|Any CPU
		{E6A36F44-4E06-4E31-929B-647B6AEA01D1}.Release|arm64.Build.0 = Release|Any CPU
		{E6A36F44-4E06-4E31-929B-647B6AEA01D1}.Release|x64.ActiveCfg = Release|Any CPU
		{E6A36F44-4E06-4E31-929B-647B6AEA01D1}.Release|x64.Build.0 = Release|Any CPU
		{E6A36F44-4E06-4E31-929B-647B6AEA01D1}.Release|x86.ActiveCfg = Release|Any CPU
		{E6A36F44-4E06-4E31-929B-647B6AEA01D1}.Release|x86.Build.0 = Release|Any CPU
		{446CECCE-A7CC-4723-B17C-6654A68FB8A1}.Debug|Any CPU.ActiveCfg = Debug|Any CPU
		{446CECCE-A7CC-4723-B17C-6654A68FB8A1}.Debug|Any CPU.Build.0 = Debug|Any CPU
		{446CECCE-A7CC-4723-B17C-6654A68FB8A1}.Debug|arm64.ActiveCfg = Debug|Any CPU
		{446CECCE-A7CC-4723-B17C-6654A68FB8A1}.Debug|arm64.Build.0 = Debug|Any CPU
		{446CECCE-A7CC-4723-B17C-6654A68FB8A1}.Debug|x64.ActiveCfg = Debug|Any CPU
		{446CECCE-A7CC-4723-B17C-6654A68FB8A1}.Debug|x64.Build.0 = Debug|Any CPU
		{446CECCE-A7CC-4723-B17C-6654A68FB8A1}.Debug|x86.ActiveCfg = Debug|Any CPU
		{446CECCE-A7CC-4723-B17C-6654A68FB8A1}.Debug|x86.Build.0 = Debug|Any CPU
		{446CECCE-A7CC-4723-B17C-6654A68FB8A1}.Release|Any CPU.ActiveCfg = Release|Any CPU
		{446CECCE-A7CC-4723-B17C-6654A68FB8A1}.Release|Any CPU.Build.0 = Release|Any CPU
		{446CECCE-A7CC-4723-B17C-6654A68FB8A1}.Release|arm64.ActiveCfg = Release|Any CPU
		{446CECCE-A7CC-4723-B17C-6654A68FB8A1}.Release|arm64.Build.0 = Release|Any CPU
		{446CECCE-A7CC-4723-B17C-6654A68FB8A1}.Release|x64.ActiveCfg = Release|Any CPU
		{446CECCE-A7CC-4723-B17C-6654A68FB8A1}.Release|x64.Build.0 = Release|Any CPU
		{446CECCE-A7CC-4723-B17C-6654A68FB8A1}.Release|x86.ActiveCfg = Release|Any CPU
		{446CECCE-A7CC-4723-B17C-6654A68FB8A1}.Release|x86.Build.0 = Release|Any CPU
		{5C93E24F-2F92-40E8-8610-7849F9FB0308}.Debug|Any CPU.ActiveCfg = Debug
		{5C93E24F-2F92-40E8-8610-7849F9FB0308}.Debug|arm64.ActiveCfg = Debug
		{5C93E24F-2F92-40E8-8610-7849F9FB0308}.Debug|x64.ActiveCfg = Debug
		{5C93E24F-2F92-40E8-8610-7849F9FB0308}.Debug|x86.ActiveCfg = Debug
		{5C93E24F-2F92-40E8-8610-7849F9FB0308}.Release|Any CPU.ActiveCfg = Release
		{5C93E24F-2F92-40E8-8610-7849F9FB0308}.Release|arm64.ActiveCfg = Release
		{5C93E24F-2F92-40E8-8610-7849F9FB0308}.Release|x64.ActiveCfg = Release
		{5C93E24F-2F92-40E8-8610-7849F9FB0308}.Release|x86.ActiveCfg = Release
		{567502C1-DB3E-4876-A2BB-6EC277AEBACA}.Debug|Any CPU.ActiveCfg = Debug|Any CPU
		{567502C1-DB3E-4876-A2BB-6EC277AEBACA}.Debug|Any CPU.Build.0 = Debug|Any CPU
		{567502C1-DB3E-4876-A2BB-6EC277AEBACA}.Debug|arm64.ActiveCfg = Debug|Any CPU
		{567502C1-DB3E-4876-A2BB-6EC277AEBACA}.Debug|arm64.Build.0 = Debug|Any CPU
		{567502C1-DB3E-4876-A2BB-6EC277AEBACA}.Debug|x64.ActiveCfg = Debug|Any CPU
		{567502C1-DB3E-4876-A2BB-6EC277AEBACA}.Debug|x64.Build.0 = Debug|Any CPU
		{567502C1-DB3E-4876-A2BB-6EC277AEBACA}.Debug|x86.ActiveCfg = Debug|Any CPU
		{567502C1-DB3E-4876-A2BB-6EC277AEBACA}.Debug|x86.Build.0 = Debug|Any CPU
		{567502C1-DB3E-4876-A2BB-6EC277AEBACA}.Release|Any CPU.ActiveCfg = Release|Any CPU
		{567502C1-DB3E-4876-A2BB-6EC277AEBACA}.Release|Any CPU.Build.0 = Release|Any CPU
		{567502C1-DB3E-4876-A2BB-6EC277AEBACA}.Release|arm64.ActiveCfg = Release|Any CPU
		{567502C1-DB3E-4876-A2BB-6EC277AEBACA}.Release|arm64.Build.0 = Release|Any CPU
		{567502C1-DB3E-4876-A2BB-6EC277AEBACA}.Release|x64.ActiveCfg = Release|Any CPU
		{567502C1-DB3E-4876-A2BB-6EC277AEBACA}.Release|x64.Build.0 = Release|Any CPU
		{567502C1-DB3E-4876-A2BB-6EC277AEBACA}.Release|x86.ActiveCfg = Release|Any CPU
		{567502C1-DB3E-4876-A2BB-6EC277AEBACA}.Release|x86.Build.0 = Release|Any CPU
		{5DBC6BB0-3F8D-43D3-8D95-33E6061DB968}.Debug|Any CPU.ActiveCfg = Debug|Any CPU
		{5DBC6BB0-3F8D-43D3-8D95-33E6061DB968}.Debug|Any CPU.Build.0 = Debug|Any CPU
		{5DBC6BB0-3F8D-43D3-8D95-33E6061DB968}.Debug|arm64.ActiveCfg = Debug|Any CPU
		{5DBC6BB0-3F8D-43D3-8D95-33E6061DB968}.Debug|arm64.Build.0 = Debug|Any CPU
		{5DBC6BB0-3F8D-43D3-8D95-33E6061DB968}.Debug|x64.ActiveCfg = Debug|Any CPU
		{5DBC6BB0-3F8D-43D3-8D95-33E6061DB968}.Debug|x64.Build.0 = Debug|Any CPU
		{5DBC6BB0-3F8D-43D3-8D95-33E6061DB968}.Debug|x86.ActiveCfg = Debug|Any CPU
		{5DBC6BB0-3F8D-43D3-8D95-33E6061DB968}.Debug|x86.Build.0 = Debug|Any CPU
		{5DBC6BB0-3F8D-43D3-8D95-33E6061DB968}.Release|Any CPU.ActiveCfg = Release|Any CPU
		{5DBC6BB0-3F8D-43D3-8D95-33E6061DB968}.Release|Any CPU.Build.0 = Release|Any CPU
		{5DBC6BB0-3F8D-43D3-8D95-33E6061DB968}.Release|arm64.ActiveCfg = Release|Any CPU
		{5DBC6BB0-3F8D-43D3-8D95-33E6061DB968}.Release|arm64.Build.0 = Release|Any CPU
		{5DBC6BB0-3F8D-43D3-8D95-33E6061DB968}.Release|x64.ActiveCfg = Release|Any CPU
		{5DBC6BB0-3F8D-43D3-8D95-33E6061DB968}.Release|x64.Build.0 = Release|Any CPU
		{5DBC6BB0-3F8D-43D3-8D95-33E6061DB968}.Release|x86.ActiveCfg = Release|Any CPU
		{5DBC6BB0-3F8D-43D3-8D95-33E6061DB968}.Release|x86.Build.0 = Release|Any CPU
		{1608E0B0-D7BF-45D0-B0F1-90723DBC0046}.Debug|Any CPU.ActiveCfg = Debug|Any CPU
		{1608E0B0-D7BF-45D0-B0F1-90723DBC0046}.Debug|Any CPU.Build.0 = Debug|Any CPU
		{1608E0B0-D7BF-45D0-B0F1-90723DBC0046}.Debug|arm64.ActiveCfg = Debug|Any CPU
		{1608E0B0-D7BF-45D0-B0F1-90723DBC0046}.Debug|arm64.Build.0 = Debug|Any CPU
		{1608E0B0-D7BF-45D0-B0F1-90723DBC0046}.Debug|x64.ActiveCfg = Debug|Any CPU
		{1608E0B0-D7BF-45D0-B0F1-90723DBC0046}.Debug|x64.Build.0 = Debug|Any CPU
		{1608E0B0-D7BF-45D0-B0F1-90723DBC0046}.Debug|x86.ActiveCfg = Debug|Any CPU
		{1608E0B0-D7BF-45D0-B0F1-90723DBC0046}.Debug|x86.Build.0 = Debug|Any CPU
		{1608E0B0-D7BF-45D0-B0F1-90723DBC0046}.Release|Any CPU.ActiveCfg = Release|Any CPU
		{1608E0B0-D7BF-45D0-B0F1-90723DBC0046}.Release|Any CPU.Build.0 = Release|Any CPU
		{1608E0B0-D7BF-45D0-B0F1-90723DBC0046}.Release|arm64.ActiveCfg = Release|Any CPU
		{1608E0B0-D7BF-45D0-B0F1-90723DBC0046}.Release|arm64.Build.0 = Release|Any CPU
		{1608E0B0-D7BF-45D0-B0F1-90723DBC0046}.Release|x64.ActiveCfg = Release|Any CPU
		{1608E0B0-D7BF-45D0-B0F1-90723DBC0046}.Release|x64.Build.0 = Release|Any CPU
		{1608E0B0-D7BF-45D0-B0F1-90723DBC0046}.Release|x86.ActiveCfg = Release|Any CPU
		{1608E0B0-D7BF-45D0-B0F1-90723DBC0046}.Release|x86.Build.0 = Release|Any CPU
		{5C3B8464-A3B5-4002-BA60-5453FDD0EFEC}.Debug|Any CPU.ActiveCfg = Debug|Any CPU
		{5C3B8464-A3B5-4002-BA60-5453FDD0EFEC}.Debug|Any CPU.Build.0 = Debug|Any CPU
		{5C3B8464-A3B5-4002-BA60-5453FDD0EFEC}.Debug|arm64.ActiveCfg = Debug|Any CPU
		{5C3B8464-A3B5-4002-BA60-5453FDD0EFEC}.Debug|arm64.Build.0 = Debug|Any CPU
		{5C3B8464-A3B5-4002-BA60-5453FDD0EFEC}.Debug|x64.ActiveCfg = Debug|Any CPU
		{5C3B8464-A3B5-4002-BA60-5453FDD0EFEC}.Debug|x64.Build.0 = Debug|Any CPU
		{5C3B8464-A3B5-4002-BA60-5453FDD0EFEC}.Debug|x86.ActiveCfg = Debug|Any CPU
		{5C3B8464-A3B5-4002-BA60-5453FDD0EFEC}.Debug|x86.Build.0 = Debug|Any CPU
		{5C3B8464-A3B5-4002-BA60-5453FDD0EFEC}.Release|Any CPU.ActiveCfg = Release|Any CPU
		{5C3B8464-A3B5-4002-BA60-5453FDD0EFEC}.Release|Any CPU.Build.0 = Release|Any CPU
		{5C3B8464-A3B5-4002-BA60-5453FDD0EFEC}.Release|arm64.ActiveCfg = Release|Any CPU
		{5C3B8464-A3B5-4002-BA60-5453FDD0EFEC}.Release|arm64.Build.0 = Release|Any CPU
		{5C3B8464-A3B5-4002-BA60-5453FDD0EFEC}.Release|x64.ActiveCfg = Release|Any CPU
		{5C3B8464-A3B5-4002-BA60-5453FDD0EFEC}.Release|x64.Build.0 = Release|Any CPU
		{5C3B8464-A3B5-4002-BA60-5453FDD0EFEC}.Release|x86.ActiveCfg = Release|Any CPU
		{5C3B8464-A3B5-4002-BA60-5453FDD0EFEC}.Release|x86.Build.0 = Release|Any CPU
		{4DBCD987-13D6-4989-841A-6F2A5A0799C6}.Debug|Any CPU.ActiveCfg = Debug|Any CPU
		{4DBCD987-13D6-4989-841A-6F2A5A0799C6}.Debug|Any CPU.Build.0 = Debug|Any CPU
		{4DBCD987-13D6-4989-841A-6F2A5A0799C6}.Debug|arm64.ActiveCfg = Debug|Any CPU
		{4DBCD987-13D6-4989-841A-6F2A5A0799C6}.Debug|arm64.Build.0 = Debug|Any CPU
		{4DBCD987-13D6-4989-841A-6F2A5A0799C6}.Debug|x64.ActiveCfg = Debug|Any CPU
		{4DBCD987-13D6-4989-841A-6F2A5A0799C6}.Debug|x64.Build.0 = Debug|Any CPU
		{4DBCD987-13D6-4989-841A-6F2A5A0799C6}.Debug|x86.ActiveCfg = Debug|Any CPU
		{4DBCD987-13D6-4989-841A-6F2A5A0799C6}.Debug|x86.Build.0 = Debug|Any CPU
		{4DBCD987-13D6-4989-841A-6F2A5A0799C6}.Release|Any CPU.ActiveCfg = Release|Any CPU
		{4DBCD987-13D6-4989-841A-6F2A5A0799C6}.Release|Any CPU.Build.0 = Release|Any CPU
		{4DBCD987-13D6-4989-841A-6F2A5A0799C6}.Release|arm64.ActiveCfg = Release|Any CPU
		{4DBCD987-13D6-4989-841A-6F2A5A0799C6}.Release|arm64.Build.0 = Release|Any CPU
		{4DBCD987-13D6-4989-841A-6F2A5A0799C6}.Release|x64.ActiveCfg = Release|Any CPU
		{4DBCD987-13D6-4989-841A-6F2A5A0799C6}.Release|x64.Build.0 = Release|Any CPU
		{4DBCD987-13D6-4989-841A-6F2A5A0799C6}.Release|x86.ActiveCfg = Release|Any CPU
		{4DBCD987-13D6-4989-841A-6F2A5A0799C6}.Release|x86.Build.0 = Release|Any CPU
		{8CD70BCB-CA26-452B-B2FF-B0700C56A85E}.Debug|Any CPU.ActiveCfg = Debug|Any CPU
		{8CD70BCB-CA26-452B-B2FF-B0700C56A85E}.Debug|Any CPU.Build.0 = Debug|Any CPU
		{8CD70BCB-CA26-452B-B2FF-B0700C56A85E}.Debug|arm64.ActiveCfg = Debug|Any CPU
		{8CD70BCB-CA26-452B-B2FF-B0700C56A85E}.Debug|arm64.Build.0 = Debug|Any CPU
		{8CD70BCB-CA26-452B-B2FF-B0700C56A85E}.Debug|x64.ActiveCfg = Debug|Any CPU
		{8CD70BCB-CA26-452B-B2FF-B0700C56A85E}.Debug|x64.Build.0 = Debug|Any CPU
		{8CD70BCB-CA26-452B-B2FF-B0700C56A85E}.Debug|x86.ActiveCfg = Debug|Any CPU
		{8CD70BCB-CA26-452B-B2FF-B0700C56A85E}.Debug|x86.Build.0 = Debug|Any CPU
		{8CD70BCB-CA26-452B-B2FF-B0700C56A85E}.Release|Any CPU.ActiveCfg = Release|Any CPU
		{8CD70BCB-CA26-452B-B2FF-B0700C56A85E}.Release|Any CPU.Build.0 = Release|Any CPU
		{8CD70BCB-CA26-452B-B2FF-B0700C56A85E}.Release|arm64.ActiveCfg = Release|Any CPU
		{8CD70BCB-CA26-452B-B2FF-B0700C56A85E}.Release|arm64.Build.0 = Release|Any CPU
		{8CD70BCB-CA26-452B-B2FF-B0700C56A85E}.Release|x64.ActiveCfg = Release|Any CPU
		{8CD70BCB-CA26-452B-B2FF-B0700C56A85E}.Release|x64.Build.0 = Release|Any CPU
		{8CD70BCB-CA26-452B-B2FF-B0700C56A85E}.Release|x86.ActiveCfg = Release|Any CPU
		{8CD70BCB-CA26-452B-B2FF-B0700C56A85E}.Release|x86.Build.0 = Release|Any CPU
		{2342E61F-BF92-48EC-8064-808CF2CB7E31}.Debug|Any CPU.ActiveCfg = Debug|Any CPU
		{2342E61F-BF92-48EC-8064-808CF2CB7E31}.Debug|Any CPU.Build.0 = Debug|Any CPU
		{2342E61F-BF92-48EC-8064-808CF2CB7E31}.Debug|arm64.ActiveCfg = Debug|Any CPU
		{2342E61F-BF92-48EC-8064-808CF2CB7E31}.Debug|arm64.Build.0 = Debug|Any CPU
		{2342E61F-BF92-48EC-8064-808CF2CB7E31}.Debug|x64.ActiveCfg = Debug|Any CPU
		{2342E61F-BF92-48EC-8064-808CF2CB7E31}.Debug|x64.Build.0 = Debug|Any CPU
		{2342E61F-BF92-48EC-8064-808CF2CB7E31}.Debug|x86.ActiveCfg = Debug|Any CPU
		{2342E61F-BF92-48EC-8064-808CF2CB7E31}.Debug|x86.Build.0 = Debug|Any CPU
		{2342E61F-BF92-48EC-8064-808CF2CB7E31}.Release|Any CPU.ActiveCfg = Release|Any CPU
		{2342E61F-BF92-48EC-8064-808CF2CB7E31}.Release|Any CPU.Build.0 = Release|Any CPU
		{2342E61F-BF92-48EC-8064-808CF2CB7E31}.Release|arm64.ActiveCfg = Release|Any CPU
		{2342E61F-BF92-48EC-8064-808CF2CB7E31}.Release|arm64.Build.0 = Release|Any CPU
		{2342E61F-BF92-48EC-8064-808CF2CB7E31}.Release|x64.ActiveCfg = Release|Any CPU
		{2342E61F-BF92-48EC-8064-808CF2CB7E31}.Release|x64.Build.0 = Release|Any CPU
		{2342E61F-BF92-48EC-8064-808CF2CB7E31}.Release|x86.ActiveCfg = Release|Any CPU
		{2342E61F-BF92-48EC-8064-808CF2CB7E31}.Release|x86.Build.0 = Release|Any CPU
	EndGlobalSection
	GlobalSection(SolutionProperties) = preSolution
		HideSolutionNode = FALSE
	EndGlobalSection
	GlobalSection(NestedProjects) = preSolution
		{F6A8A6B8-AAC5-468F-8B5F-2ADF4F9E141E} = {653B0CB5-76E0-4B52-B12F-1FE20BE225EE}
		{411A657B-E9BF-40DF-ADE0-5693920C847E} = {653B0CB5-76E0-4B52-B12F-1FE20BE225EE}
		{37C2C2C7-76A8-4F64-B61C-CFECDC5EE45A} = {653B0CB5-76E0-4B52-B12F-1FE20BE225EE}
		{7DCEE057-DC7F-4FB7-92E0-61F532FC39A1} = {653B0CB5-76E0-4B52-B12F-1FE20BE225EE}
		{126336F6-CC3F-4208-9D8F-9EF0ABF984B0} = {05930EE3-4109-4B66-8CCA-F4420278C1CC}
		{8ED43CD7-EFB7-4409-ADFE-C3ED7CB5C982} = {18DADA92-7567-43D1-9D96-16581A48B842}
		{9367E0D9-BDC8-43FA-BA94-1647F42B469D} = {18DADA92-7567-43D1-9D96-16581A48B842}
		{449B62A6-749F-43D6-AD4E-01A2FE5A2085} = {18DADA92-7567-43D1-9D96-16581A48B842}
		{1DB94637-93B6-4106-B66D-72C8CF5279C3} = {18DADA92-7567-43D1-9D96-16581A48B842}
		{C13AE167-4817-4F6D-B7CA-7D7EA8953F06} = {653B0CB5-76E0-4B52-B12F-1FE20BE225EE}
		{1E81A1A5-3AE8-4120-BE71-4E9D5EF3A00B} = {D234F58A-9C0E-417F-B0F4-5FDDF5E54038}
		{446CECCE-A7CC-4723-B17C-6654A68FB8A1} = {7799662E-CE7B-4DF6-A3FF-F1C9E718ED50}
		{567502C1-DB3E-4876-A2BB-6EC277AEBACA} = {D234F58A-9C0E-417F-B0F4-5FDDF5E54038}
		{1608E0B0-D7BF-45D0-B0F1-90723DBC0046} = {B356EF21-9279-4EAB-B9BA-04904DE431F8}
		{5C3B8464-A3B5-4002-BA60-5453FDD0EFEC} = {B356EF21-9279-4EAB-B9BA-04904DE431F8}
		{4DBCD987-13D6-4989-841A-6F2A5A0799C6} = {B356EF21-9279-4EAB-B9BA-04904DE431F8}
		{8CD70BCB-CA26-452B-B2FF-B0700C56A85E} = {B356EF21-9279-4EAB-B9BA-04904DE431F8}
		{2342E61F-BF92-48EC-8064-808CF2CB7E31} = {05930EE3-4109-4B66-8CCA-F4420278C1CC}
	EndGlobalSection
	GlobalSection(ExtensibilityGlobals) = postSolution
		SolutionGuid = {73DB408E-CAB2-4534-987B-30312005208C}
	EndGlobalSection
EndGlobal
